
Microsoft Visual Studio Solution File, Format Version 12.00
# Visual Studio Version 17
VisualStudioVersion = 17.13.35825.156 d17.13
MinimumVisualStudioVersion = 10.0.40219.1
Project("{FAE04EC0-301F-11D3-BF4B-00C04F79EFBC}") = "Sistem Informasi Hasil Pemeriksaan Lab Pasien", "Sistem Informasi Hasil Pemeriksaan Lab Pasien\Sistem Informasi Hasil Pemeriksaan Lab Pasien.csproj", "{4274A88D-81DE-47B0-84F0-E83E9E2C90E2}"
EndProject
Global
	GlobalSection(SolutionConfigurationPlatforms) = preSolution
		Debug|Any CPU = Debug|Any CPU
		Release|Any CPU = Release|Any CPU
	EndGlobalSection
	GlobalSection(ProjectConfigurationPlatforms) = postSolution
		{4274A88D-81DE-47B0-84F0-E83E9E2C90E2}.Debug|Any CPU.ActiveCfg = Debug|Any CPU
		{4274A88D-81DE-47B0-84F0-E83E9E2C90E2}.Debug|Any CPU.Build.0 = Debug|Any CPU
		{4274A88D-81DE-47B0-84F0-E83E9E2C90E2}.Release|Any CPU.ActiveCfg = Release|Any CPU
		{4274A88D-81DE-47B0-84F0-E83E9E2C90E2}.Release|Any CPU.Build.0 = Release|Any CPU
	EndGlobalSection
	GlobalSection(SolutionProperties) = preSolution
		HideSolutionNode = FALSE
	EndGlobalSection
	GlobalSection(ExtensibilityGlobals) = postSolution
		SolutionGuid = {1F1F1C84-4FBC-45BB-A2CF-DFF38958EF3F}
	EndGlobalSection
EndGlobal
